
Microsoft Visual Studio Solution File, Format Version 12.00
# Visual Studio 15
Project("{FAE04EC0-301F-11D3-BF4B-00C04F79EFBC}") = "Assembly-CSharp", "Assembly-CSharp.csproj", "{2B1A8958-7169-D158-6363-F71FCA0B65FE}"
EndProject
Global
	GlobalSection(SolutionConfigurationPlatforms) = preSolution
		Debug|Any CPU = Debug|Any CPU
		Release|Any CPU = Release|Any CPU
	EndGlobalSection
	GlobalSection(ProjectConfigurationPlatforms) = postSolution
		{2B1A8958-7169-D158-6363-F71FCA0B65FE}.Debug|Any CPU.ActiveCfg = Debug|Any CPU
		{2B1A8958-7169-D158-6363-F71FCA0B65FE}.Debug|Any CPU.Build.0 = Debug|Any CPU
		{2B1A8958-7169-D158-6363-F71FCA0B65FE}.Release|Any CPU.ActiveCfg = Release|Any CPU
		{2B1A8958-7169-D158-6363-F71FCA0B65FE}.Release|Any CPU.Build.0 = Release|Any CPU
	EndGlobalSection
	GlobalSection(SolutionProperties) = preSolution
		HideSolutionNode = FALSE
	EndGlobalSection
EndGlobal
